
Microsoft Visual Studio Solution File, Format Version 12.00
# Visual Studio Version 16
VisualStudioVersion = 25.0.1700.0
MinimumVisualStudioVersion = 10.0.40219.1
Project("{FAE04EC0-301F-11D3-BF4B-00C04F79EFBC}") = "Geometria", "Geometria\Geometria.csproj", "{0F655C8C-F6ED-4797-9B8B-89EBD0091629}"
EndProject
Global
	GlobalSection(SolutionConfigurationPlatforms) = preSolution
		Debug|Any CPU = Debug|Any CPU
		Release|Any CPU = Release|Any CPU
	EndGlobalSection
	GlobalSection(ProjectConfigurationPlatforms) = postSolution
		{0F655C8C-F6ED-4797-9B8B-89EBD0091629}.Debug|Any CPU.ActiveCfg = Debug|Any CPU
		{0F655C8C-F6ED-4797-9B8B-89EBD0091629}.Debug|Any CPU.Build.0 = Debug|Any CPU
		{0F655C8C-F6ED-4797-9B8B-89EBD0091629}.Release|Any CPU.ActiveCfg = Release|Any CPU
		{0F655C8C-F6ED-4797-9B8B-89EBD0091629}.Release|Any CPU.Build.0 = Release|Any CPU
	EndGlobalSection
	GlobalSection(SolutionProperties) = preSolution
		HideSolutionNode = FALSE
	EndGlobalSection
	GlobalSection(ExtensibilityGlobals) = postSolution
		SolutionGuid = {AAA8A2D1-9317-46D2-9B69-49BC31E46B58}
	EndGlobalSection
EndGlobal
